// !$*UTF8*$!
{
	archiveVersion = 1;
	classes = {
	};
	objectVersion = 46;
	objects = {

/* Begin PBXBuildFile section */
		890024901511A2380012E749 /* pro_number.c in Sources */ = {isa = PBXBuildFile; fileRef = 890024811511A21B0012E749 /* pro_number.c */; };
		890024911511A2390012E749 /* pro_string.c in Sources */ = {isa = PBXBuildFile; fileRef = 890024831511A21B0012E749 /* pro_string.c */; };
		8944F7A01547852B0054A366 /* libprosopon-core.dylib in Frameworks */ = {isa = PBXBuildFile; fileRef = 8944F79B154785220054A366 /* libprosopon-core.dylib */; };
		898A28241528DFC000959A40 /* pro_stdio.c in Sources */ = {isa = PBXBuildFile; fileRef = 898A28231528DFC000959A40 /* pro_stdio.c */; };
		89A2891F15448971006FE304 /* stdlib in CopyFiles */ = {isa = PBXBuildFile; fileRef = 89A2891E1544895C006FE304 /* stdlib */; };
		89ACBEBC151EC3ED003EA8EE /* prosopon_stdlib.c in Sources */ = {isa = PBXBuildFile; fileRef = 89ACBEBB151EC3EC003EA8EE /* prosopon_stdlib.c */; };
		89AF58041538EE7D008D8426 /* pro_matching.c in Sources */ = {isa = PBXBuildFile; fileRef = 89AF58031538EE7D008D8426 /* pro_matching.c */; };
		89AFC3921538B9820083E8E8 /* prosopon_stdlib.h in Headers */ = {isa = PBXBuildFile; fileRef = 89AFC3911538B9820083E8E8 /* prosopon_stdlib.h */; settings = {ATTRIBUTES = (Public, ); }; };
		89B4A980154CB19B003CD2C2 /* pro_future.c in Sources */ = {isa = PBXBuildFile; fileRef = 89B4A97F154CB19B003CD2C2 /* pro_future.c */; };
		89E15A66154A496200BDE2B7 /* pro_forward.c in Sources */ = {isa = PBXBuildFile; fileRef = 89E15A65154A496200BDE2B7 /* pro_forward.c */; };
		89FD7A4D1531F2D700B8F629 /* prosopon_macros.h in Headers */ = {isa = PBXBuildFile; fileRef = 89FD7A4C1531F2D700B8F629 /* prosopon_macros.h */; settings = {ATTRIBUTES = (Public, ); }; };
		89FD7A511531F52C00B8F629 /* prosopon_macros.c in Sources */ = {isa = PBXBuildFile; fileRef = 89FD7A501531F52C00B8F629 /* prosopon_macros.c */; };
/* End PBXBuildFile section */

/* Begin PBXContainerItemProxy section */
		8944F79A154785220054A366 /* PBXContainerItemProxy */ = {
			isa = PBXContainerItemProxy;
			containerPortal = 8944F795154785210054A366 /* prosopon-core.xcodeproj */;
			proxyType = 2;
			remoteGlobalIDString = 890024E81511A3430012E749;
			remoteInfo = prosopon;
		};
		8944F79C154785220054A366 /* PBXContainerItemProxy */ = {
			isa = PBXContainerItemProxy;
			containerPortal = 8944F795154785210054A366 /* prosopon-core.xcodeproj */;
			proxyType = 2;
			remoteGlobalIDString = 89F1111B151CC40100317A20;
			remoteInfo = "prosopon-tests";
		};
		8944F79E154785270054A366 /* PBXContainerItemProxy */ = {
			isa = PBXContainerItemProxy;
			containerPortal = 8944F795154785210054A366 /* prosopon-core.xcodeproj */;
			proxyType = 1;
			remoteGlobalIDString = 890024E71511A3430012E749;
			remoteInfo = prosopon;
		};
/* End PBXContainerItemProxy section */

/* Begin PBXCopyFilesBuildPhase section */
		89A28917154488A5006FE304 /* CopyFiles */ = {
			isa = PBXCopyFilesBuildPhase;
			buildActionMask = 2147483647;
			dstPath = /usr/share/prosopon;
			dstSubfolderSpec = 0;
			files = (
				89A2891F15448971006FE304 /* stdlib in CopyFiles */,
			);
			runOnlyForDeploymentPostprocessing = 0;
		};
/* End PBXCopyFilesBuildPhase section */

/* Begin PBXFileReference section */
		890024811511A21B0012E749 /* pro_number.c */ = {isa = PBXFileReference; fileEncoding = 4; lastKnownFileType = sourcecode.c.c; path = pro_number.c; sourceTree = "<group>"; };
		890024821511A21B0012E749 /* pro_number.h */ = {isa = PBXFileReference; fileEncoding = 4; lastKnownFileType = sourcecode.c.h; path = pro_number.h; sourceTree = "<group>"; };
		890024831511A21B0012E749 /* pro_string.c */ = {isa = PBXFileReference; fileEncoding = 4; lastKnownFileType = sourcecode.c.c; path = pro_string.c; sourceTree = "<group>"; };
		890024841511A21B0012E749 /* pro_string.h */ = {isa = PBXFileReference; fileEncoding = 4; lastKnownFileType = sourcecode.c.h; path = pro_string.h; sourceTree = "<group>"; };
		8900248C1511A2300012E749 /* libprosopon-stdlib.dylib */ = {isa = PBXFileReference; explicitFileType = "compiled.mach-o.dylib"; includeInIndex = 0; path = "libprosopon-stdlib.dylib"; sourceTree = BUILT_PRODUCTS_DIR; };
		8944F795154785210054A366 /* prosopon-core.xcodeproj */ = {isa = PBXFileReference; lastKnownFileType = "wrapper.pb-project"; name = "prosopon-core.xcodeproj"; path = "../prosopon-core/prosopon-core.xcodeproj"; sourceTree = "<group>"; };
		898A281F1528DFA600959A40 /* pro_stdio.h */ = {isa = PBXFileReference; fileEncoding = 4; lastKnownFileType = sourcecode.c.h; path = pro_stdio.h; sourceTree = "<group>"; };
		898A28231528DFC000959A40 /* pro_stdio.c */ = {isa = PBXFileReference; fileEncoding = 4; lastKnownFileType = sourcecode.c.c; path = pro_stdio.c; sourceTree = "<group>"; };
		89A2891E1544895C006FE304 /* stdlib */ = {isa = PBXFileReference; lastKnownFileType = folder; path = stdlib; sourceTree = "<group>"; };
		89ACBEBB151EC3EC003EA8EE /* prosopon_stdlib.c */ = {isa = PBXFileReference; fileEncoding = 4; lastKnownFileType = sourcecode.c.c; path = prosopon_stdlib.c; sourceTree = "<group>"; };
		89AF58031538EE7D008D8426 /* pro_matching.c */ = {isa = PBXFileReference; fileEncoding = 4; lastKnownFileType = sourcecode.c.c; path = pro_matching.c; sourceTree = "<group>"; };
		89AF58051538EE9B008D8426 /* pro_matching.h */ = {isa = PBXFileReference; fileEncoding = 4; lastKnownFileType = sourcecode.c.h; path = pro_matching.h; sourceTree = "<group>"; };
		89AFC3911538B9820083E8E8 /* prosopon_stdlib.h */ = {isa = PBXFileReference; fileEncoding = 4; lastKnownFileType = sourcecode.c.h; path = prosopon_stdlib.h; sourceTree = "<group>"; };
		89B4A97F154CB19B003CD2C2 /* pro_future.c */ = {isa = PBXFileReference; fileEncoding = 4; lastKnownFileType = sourcecode.c.c; path = pro_future.c; sourceTree = "<group>"; };
		89E15A65154A496200BDE2B7 /* pro_forward.c */ = {isa = PBXFileReference; fileEncoding = 4; lastKnownFileType = sourcecode.c.c; path = pro_forward.c; sourceTree = "<group>"; };
		89FD7A4C1531F2D700B8F629 /* prosopon_macros.h */ = {isa = PBXFileReference; fileEncoding = 4; lastKnownFileType = sourcecode.c.h; path = prosopon_macros.h; sourceTree = "<group>"; };
		89FD7A501531F52C00B8F629 /* prosopon_macros.c */ = {isa = PBXFileReference; fileEncoding = 4; lastKnownFileType = sourcecode.c.c; path = prosopon_macros.c; sourceTree = "<group>"; };
/* End PBXFileReference section */

/* Begin PBXFrameworksBuildPhase section */
		890024891511A2300012E749 /* Frameworks */ = {
			isa = PBXFrameworksBuildPhase;
			buildActionMask = 2147483647;
			files = (
				8944F7A01547852B0054A366 /* libprosopon-core.dylib in Frameworks */,
			);
			runOnlyForDeploymentPostprocessing = 0;
		};
/* End PBXFrameworksBuildPhase section */

/* Begin PBXGroup section */
		890024631511A1A60012E749 = {
			isa = PBXGroup;
			children = (
				8944F795154785210054A366 /* prosopon-core.xcodeproj */,
				89A2891E1544895C006FE304 /* stdlib */,
				89CE9C9A151E861B00CE5511 /* include */,
				890024801511A21B0012E749 /* src */,
				8900246F1511A1A60012E749 /* Products */,
			);
			sourceTree = "<group>";
		};
		8900246F1511A1A60012E749 /* Products */ = {
			isa = PBXGroup;
			children = (
				8900248C1511A2300012E749 /* libprosopon-stdlib.dylib */,
			);
			name = Products;
			sourceTree = "<group>";
		};
		890024801511A21B0012E749 /* src */ = {
			isa = PBXGroup;
			children = (
				89ACBEBB151EC3EC003EA8EE /* prosopon_stdlib.c */,
				89FD7A501531F52C00B8F629 /* prosopon_macros.c */,
				890024821511A21B0012E749 /* pro_number.h */,
				890024811511A21B0012E749 /* pro_number.c */,
				890024841511A21B0012E749 /* pro_string.h */,
				890024831511A21B0012E749 /* pro_string.c */,
				898A281F1528DFA600959A40 /* pro_stdio.h */,
				898A28231528DFC000959A40 /* pro_stdio.c */,
				89AF58051538EE9B008D8426 /* pro_matching.h */,
				89AF58031538EE7D008D8426 /* pro_matching.c */,
				89E15A65154A496200BDE2B7 /* pro_forward.c */,
				89B4A97F154CB19B003CD2C2 /* pro_future.c */,
			);
			path = src;
			sourceTree = "<group>";
		};
		8944F796154785210054A366 /* Products */ = {
			isa = PBXGroup;
			children = (
				8944F79B154785220054A366 /* libprosopon-core.dylib */,
				8944F79D154785220054A366 /* test */,
			);
			name = Products;
			sourceTree = "<group>";
		};
		89CE9C9A151E861B00CE5511 /* include */ = {
			isa = PBXGroup;
			children = (
				89AFC3911538B9820083E8E8 /* prosopon_stdlib.h */,
				89FD7A4C1531F2D700B8F629 /* prosopon_macros.h */,
			);
			path = include;
			sourceTree = "<group>";
		};
/* End PBXGroup section */

/* Begin PBXHeadersBuildPhase section */
		8900248A1511A2300012E749 /* Headers */ = {
			isa = PBXHeadersBuildPhase;
			buildActionMask = 2147483647;
			files = (
				89FD7A4D1531F2D700B8F629 /* prosopon_macros.h in Headers */,
				89AFC3921538B9820083E8E8 /* prosopon_stdlib.h in Headers */,
			);
			runOnlyForDeploymentPostprocessing = 0;
		};
/* End PBXHeadersBuildPhase section */

/* Begin PBXNativeTarget section */
		8900248B1511A2300012E749 /* prosopon-stdlib */ = {
			isa = PBXNativeTarget;
			buildConfigurationList = 8900248D1511A2300012E749 /* Build configuration list for PBXNativeTarget "prosopon-stdlib" */;
			buildPhases = (
				890024881511A2300012E749 /* Sources */,
				890024891511A2300012E749 /* Frameworks */,
				8900248A1511A2300012E749 /* Headers */,
				89A28917154488A5006FE304 /* CopyFiles */,
			);
			buildRules = (
			);
			dependencies = (
				8944F79F154785270054A366 /* PBXTargetDependency */,
			);
			name = "prosopon-stdlib";
			productName = "prosopon-core";
			productReference = 8900248C1511A2300012E749 /* libprosopon-stdlib.dylib */;
			productType = "com.apple.product-type.library.dynamic";
		};
/* End PBXNativeTarget section */

/* Begin PBXProject section */
		890024651511A1A60012E749 /* Project object */ = {
			isa = PBXProject;
			attributes = {
				LastUpgradeCheck = 0420;
			};
			buildConfigurationList = 890024681511A1A60012E749 /* Build configuration list for PBXProject "prosopon-stdlib" */;
			compatibilityVersion = "Xcode 3.2";
			developmentRegion = English;
			hasScannedForEncodings = 0;
			knownRegions = (
				en,
			);
			mainGroup = 890024631511A1A60012E749;
			productRefGroup = 8900246F1511A1A60012E749 /* Products */;
			projectDirPath = "";
			projectReferences = (
				{
					ProductGroup = 8944F796154785210054A366 /* Products */;
					ProjectRef = 8944F795154785210054A366 /* prosopon-core.xcodeproj */;
				},
			);
			projectRoot = "";
			targets = (
				8900248B1511A2300012E749 /* prosopon-stdlib */,
			);
		};
/* End PBXProject section */

/* Begin PBXReferenceProxy section */
		8944F79B154785220054A366 /* libprosopon-core.dylib */ = {
			isa = PBXReferenceProxy;
			fileType = "compiled.mach-o.dylib";
			path = "libprosopon-core.dylib";
			remoteRef = 8944F79A154785220054A366 /* PBXContainerItemProxy */;
			sourceTree = BUILT_PRODUCTS_DIR;
		};
		8944F79D154785220054A366 /* test */ = {
			isa = PBXReferenceProxy;
			fileType = "compiled.mach-o.executable";
			name = test;
			path = "prosopon-tests";
			remoteRef = 8944F79C154785220054A366 /* PBXContainerItemProxy */;
			sourceTree = BUILT_PRODUCTS_DIR;
		};
/* End PBXReferenceProxy section */

/* Begin PBXSourcesBuildPhase section */
		890024881511A2300012E749 /* Sources */ = {
			isa = PBXSourcesBuildPhase;
			buildActionMask = 2147483647;
			files = (
				890024901511A2380012E749 /* pro_number.c in Sources */,
				890024911511A2390012E749 /* pro_string.c in Sources */,
				89ACBEBC151EC3ED003EA8EE /* prosopon_stdlib.c in Sources */,
				898A28241528DFC000959A40 /* pro_stdio.c in Sources */,
				89FD7A511531F52C00B8F629 /* prosopon_macros.c in Sources */,
				89AF58041538EE7D008D8426 /* pro_matching.c in Sources */,
				89E15A66154A496200BDE2B7 /* pro_forward.c in Sources */,
				89B4A980154CB19B003CD2C2 /* pro_future.c in Sources */,
			);
			runOnlyForDeploymentPostprocessing = 0;
		};
/* End PBXSourcesBuildPhase section */

/* Begin PBXTargetDependency section */
		8944F79F154785270054A366 /* PBXTargetDependency */ = {
			isa = PBXTargetDependency;
			name = prosopon;
			targetProxy = 8944F79E154785270054A366 /* PBXContainerItemProxy */;
		};
/* End PBXTargetDependency section */

/* Begin XCBuildConfiguration section */
		890024761511A1A60012E749 /* Debug */ = {
			isa = XCBuildConfiguration;
			buildSettings = {
				ALWAYS_SEARCH_USER_PATHS = YES;
				ARCHS = "$(ARCHS_STANDARD_64_BIT)";
				COPY_PHASE_STRIP = NO;
				GCC_C_LANGUAGE_STANDARD = gnu99;
				GCC_DYNAMIC_NO_PIC = NO;
				GCC_ENABLE_OBJC_EXCEPTIONS = YES;
				GCC_OPTIMIZATION_LEVEL = 0;
				GCC_PREPROCESSOR_DEFINITIONS = (
					"DEBUG=1",
					"$(inherited)",
				);
				GCC_SYMBOLS_PRIVATE_EXTERN = NO;
				GCC_VERSION = com.apple.compilers.llvm.clang.1_0;
				GCC_WARN_64_TO_32_BIT_CONVERSION = YES;
				GCC_WARN_ABOUT_MISSING_PROTOTYPES = YES;
				GCC_WARN_ABOUT_RETURN_TYPE = YES;
				GCC_WARN_UNUSED_VARIABLE = YES;
				HEADER_SEARCH_PATHS = (
					"include/**",
					"$(PROSOPON_BUILD_ROOT)/**",
				);
				MACOSX_DEPLOYMENT_TARGET = 10.7;
				ONLY_ACTIVE_ARCH = YES;
				PROSOPON_BUILD_ROOT = "$(PROSOPON_ROOT_DIR)/build";
				PROSOPON_ROOT_DIR = ..;
				SDKROOT = macosx;
				SYMROOT = "$(PROSOPON_ROOT_DIR)/build";
			};
			name = Debug;
		};
		890024771511A1A60012E749 /* Release */ = {
			isa = XCBuildConfiguration;
			buildSettings = {
				ALWAYS_SEARCH_USER_PATHS = YES;
				ARCHS = "$(ARCHS_STANDARD_64_BIT)";
				COPY_PHASE_STRIP = YES;
				DEBUG_INFORMATION_FORMAT = "dwarf-with-dsym";
				GCC_C_LANGUAGE_STANDARD = gnu99;
				GCC_ENABLE_OBJC_EXCEPTIONS = YES;
				GCC_VERSION = com.apple.compilers.llvm.clang.1_0;
				GCC_WARN_64_TO_32_BIT_CONVERSION = YES;
				GCC_WARN_ABOUT_MISSING_PROTOTYPES = YES;
				GCC_WARN_ABOUT_RETURN_TYPE = YES;
				GCC_WARN_UNUSED_VARIABLE = YES;
				HEADER_SEARCH_PATHS = (
					"include/**",
					"$(PROSOPON_BUILD_ROOT)/**",
				);
				MACOSX_DEPLOYMENT_TARGET = 10.7;
				PROSOPON_BUILD_ROOT = "$(PROSOPON_ROOT_DIR)/build";
				PROSOPON_ROOT_DIR = ..;
				SDKROOT = macosx;
				SYMROOT = "$(PROSOPON_ROOT_DIR)/build";
			};
			name = Release;
		};
		8900248E1511A2300012E749 /* Debug */ = {
			isa = XCBuildConfiguration;
			buildSettings = {
				EXECUTABLE_PREFIX = lib;
				HEADER_SEARCH_PATHS = "";
				PRODUCT_NAME = "prosopon-stdlib";
				PROSOPON_BUILD_ROOT = "";
				PROSOPON_ROOT_DIR = ..;
				USER_HEADER_SEARCH_PATHS = "$(BUILT_PRODUCTS_DIR)/**";
			};
			name = Debug;
		};
		8900248F1511A2300012E749 /* Release */ = {
			isa = XCBuildConfiguration;
			buildSettings = {
				EXECUTABLE_PREFIX = lib;
				HEADER_SEARCH_PATHS = "";
				PRODUCT_NAME = "prosopon-stdlib";
				PROSOPON_BUILD_ROOT = "";
				PROSOPON_ROOT_DIR = ..;
				USER_HEADER_SEARCH_PATHS = "$(BUILT_PRODUCTS_DIR)/**";
			};
			name = Release;
		};
/* End XCBuildConfiguration section */

/* Begin XCConfigurationList section */
		890024681511A1A60012E749 /* Build configuration list for PBXProject "prosopon-stdlib" */ = {
			isa = XCConfigurationList;
			buildConfigurations = (
				890024761511A1A60012E749 /* Debug */,
				890024771511A1A60012E749 /* Release */,
			);
			defaultConfigurationIsVisible = 0;
			defaultConfigurationName = Release;
		};
		8900248D1511A2300012E749 /* Build configuration list for PBXNativeTarget "prosopon-stdlib" */ = {
			isa = XCConfigurationList;
			buildConfigurations = (
				8900248E1511A2300012E749 /* Debug */,
				8900248F1511A2300012E749 /* Release */,
			);
			defaultConfigurationIsVisible = 0;
			defaultConfigurationName = Release;
		};
/* End XCConfigurationList section */
	};
	rootObject = 890024651511A1A60012E749 /* Project object */;
}
